
Microsoft Visual Studio Solution File, Format Version 12.00
# Visual Studio 15
VisualStudioVersion = 15.0.26124.0
MinimumVisualStudioVersion = 15.0.26124.0
Project("{2150E333-8FDC-42A3-9474-1A3956D46DE8}") = "src", "src", "{E47305C9-F99D-4A80-9B4F-197C07A6A009}"
EndProject
Project("{FAE04EC0-301F-11D3-BF4B-00C04F79EFBC}") = "Data", "src\Data\Data.csproj", "{254AA1F9-BC79-4CAA-83D2-BEA86081DDB1}"
EndProject
Project("{FAE04EC0-301F-11D3-BF4B-00C04F79EFBC}") = "WebApp2", "src\WebApp2\WebApp2.csproj", "{BCC9D629-37DA-4098-9717-8CDABBC4324A}"
EndProject
Project("{2150E333-8FDC-42A3-9474-1A3956D46DE8}") = "tests", "tests", "{A6DD9DAC-5618-45AF-9BE2-D96A03DD25F3}"
EndProject
Project("{FAE04EC0-301F-11D3-BF4B-00C04F79EFBC}") = "Data.Tests", "tests\Data.Tests\Data.Tests.csproj", "{4F25BBAD-500C-41ED-BD9F-562D1062E568}"
EndProject
Project("{FAE04EC0-301F-11D3-BF4B-00C04F79EFBC}") = "WebApp2.Tests", "tests\WebApp2.Tests\WebApp2.Tests.csproj", "{DE294E7C-2829-48EE-B1AE-88BD30BB6421}"
EndProject
Global
	GlobalSection(SolutionConfigurationPlatforms) = preSolution
		Debug|Any CPU = Debug|Any CPU
		Debug|x64 = Debug|x64
		Debug|x86 = Debug|x86
		Release|Any CPU = Release|Any CPU
		Release|x64 = Release|x64
		Release|x86 = Release|x86
	EndGlobalSection
	GlobalSection(SolutionProperties) = preSolution
		HideSolutionNode = FALSE
	EndGlobalSection
	GlobalSection(ProjectConfigurationPlatforms) = postSolution
		{254AA1F9-BC79-4CAA-83D2-BEA86081DDB1}.Debug|Any CPU.ActiveCfg = Debug|Any CPU
		{254AA1F9-BC79-4CAA-83D2-BEA86081DDB1}.Debug|Any CPU.Build.0 = Debug|Any CPU
		{254AA1F9-BC79-4CAA-83D2-BEA86081DDB1}.Debug|x64.ActiveCfg = Debug|Any CPU
		{254AA1F9-BC79-4CAA-83D2-BEA86081DDB1}.Debug|x64.Build.0 = Debug|Any CPU
		{254AA1F9-BC79-4CAA-83D2-BEA86081DDB1}.Debug|x86.ActiveCfg = Debug|Any CPU
		{254AA1F9-BC79-4CAA-83D2-BEA86081DDB1}.Debug|x86.Build.0 = Debug|Any CPU
		{254AA1F9-BC79-4CAA-83D2-BEA86081DDB1}.Release|Any CPU.ActiveCfg = Release|Any CPU
		{254AA1F9-BC79-4CAA-83D2-BEA86081DDB1}.Release|Any CPU.Build.0 = Release|Any CPU
		{254AA1F9-BC79-4CAA-83D2-BEA86081DDB1}.Release|x64.ActiveCfg = Release|Any CPU
		{254AA1F9-BC79-4CAA-83D2-BEA86081DDB1}.Release|x64.Build.0 = Release|Any CPU
		{254AA1F9-BC79-4CAA-83D2-BEA86081DDB1}.Release|x86.ActiveCfg = Release|Any CPU
		{254AA1F9-BC79-4CAA-83D2-BEA86081DDB1}.Release|x86.Build.0 = Release|Any CPU
		{BCC9D629-37DA-4098-9717-8CDABBC4324A}.Debug|Any CPU.ActiveCfg = Debug|Any CPU
		{BCC9D629-37DA-4098-9717-8CDABBC4324A}.Debug|Any CPU.Build.0 = Debug|Any CPU
		{BCC9D629-37DA-4098-9717-8CDABBC4324A}.Debug|x64.ActiveCfg = Debug|Any CPU
		{BCC9D629-37DA-4098-9717-8CDABBC4324A}.Debug|x64.Build.0 = Debug|Any CPU
		{BCC9D629-37DA-4098-9717-8CDABBC4324A}.Debug|x86.ActiveCfg = Debug|Any CPU
		{BCC9D629-37DA-4098-9717-8CDABBC4324A}.Debug|x86.Build.0 = Debug|Any CPU
		{BCC9D629-37DA-4098-9717-8CDABBC4324A}.Release|Any CPU.ActiveCfg = Release|Any CPU
		{BCC9D629-37DA-4098-9717-8CDABBC4324A}.Release|Any CPU.Build.0 = Release|Any CPU
		{BCC9D629-37DA-4098-9717-8CDABBC4324A}.Release|x64.ActiveCfg = Release|Any CPU
		{BCC9D629-37DA-4098-9717-8CDABBC4324A}.Release|x64.Build.0 = Release|Any CPU
		{BCC9D629-37DA-4098-9717-8CDABBC4324A}.Release|x86.ActiveCfg = Release|Any CPU
		{BCC9D629-37DA-4098-9717-8CDABBC4324A}.Release|x86.Build.0 = Release|Any CPU
		{4F25BBAD-500C-41ED-BD9F-562D1062E568}.Debug|Any CPU.ActiveCfg = Debug|Any CPU
		{4F25BBAD-500C-41ED-BD9F-562D1062E568}.Debug|Any CPU.Build.0 = Debug|Any CPU
		{4F25BBAD-500C-41ED-BD9F-562D1062E568}.Debug|x64.ActiveCfg = Debug|Any CPU
		{4F25BBAD-500C-41ED-BD9F-562D1062E568}.Debug|x64.Build.0 = Debug|Any CPU
		{4F25BBAD-500C-41ED-BD9F-562D1062E568}.Debug|x86.ActiveCfg = Debug|Any CPU
		{4F25BBAD-500C-41ED-BD9F-562D1062E568}.Debug|x86.Build.0 = Debug|Any CPU
		{4F25BBAD-500C-41ED-BD9F-562D1062E568}.Release|Any CPU.ActiveCfg = Release|Any CPU
		{4F25BBAD-500C-41ED-BD9F-562D1062E568}.Release|Any CPU.Build.0 = Release|Any CPU
		{4F25BBAD-500C-41ED-BD9F-562D1062E568}.Release|x64.ActiveCfg = Release|Any CPU
		{4F25BBAD-500C-41ED-BD9F-562D1062E568}.Release|x64.Build.0 = Release|Any CPU
		{4F25BBAD-500C-41ED-BD9F-562D1062E568}.Release|x86.ActiveCfg = Release|Any CPU
		{4F25BBAD-500C-41ED-BD9F-562D1062E568}.Release|x86.Build.0 = Release|Any CPU
		{DE294E7C-2829-48EE-B1AE-88BD30BB6421}.Debug|Any CPU.ActiveCfg = Debug|Any CPU
		{DE294E7C-2829-48EE-B1AE-88BD30BB6421}.Debug|Any CPU.Build.0 = Debug|Any CPU
		{DE294E7C-2829-48EE-B1AE-88BD30BB6421}.Debug|x64.ActiveCfg = Debug|Any CPU
		{DE294E7C-2829-48EE-B1AE-88BD30BB6421}.Debug|x64.Build.0 = Debug|Any CPU
		{DE294E7C-2829-48EE-B1AE-88BD30BB6421}.Debug|x86.ActiveCfg = Debug|Any CPU
		{DE294E7C-2829-48EE-B1AE-88BD30BB6421}.Debug|x86.Build.0 = Debug|Any CPU
		{DE294E7C-2829-48EE-B1AE-88BD30BB6421}.Release|Any CPU.ActiveCfg = Release|Any CPU
		{DE294E7C-2829-48EE-B1AE-88BD30BB6421}.Release|Any CPU.Build.0 = Release|Any CPU
		{DE294E7C-2829-48EE-B1AE-88BD30BB6421}.Release|x64.ActiveCfg = Release|Any CPU
		{DE294E7C-2829-48EE-B1AE-88BD30BB6421}.Release|x64.Build.0 = Release|Any CPU
		{DE294E7C-2829-48EE-B1AE-88BD30BB6421}.Release|x86.ActiveCfg = Release|Any CPU
		{DE294E7C-2829-48EE-B1AE-88BD30BB6421}.Release|x86.Build.0 = Release|Any CPU
	EndGlobalSection
	GlobalSection(NestedProjects) = preSolution
		{254AA1F9-BC79-4CAA-83D2-BEA86081DDB1} = {E47305C9-F99D-4A80-9B4F-197C07A6A009}
		{BCC9D629-37DA-4098-9717-8CDABBC4324A} = {E47305C9-F99D-4A80-9B4F-197C07A6A009}
		{4F25BBAD-500C-41ED-BD9F-562D1062E568} = {A6DD9DAC-5618-45AF-9BE2-D96A03DD25F3}
		{DE294E7C-2829-48EE-B1AE-88BD30BB6421} = {A6DD9DAC-5618-45AF-9BE2-D96A03DD25F3}
	EndGlobalSection
EndGlobal
